// !$*UTF8*$!
{
	archiveVersion = 1;
	classes = {
	};
	objectVersion = 46;
	objects = {

/* Begin PBXBuildFile section */
		B4012D241BAED7CA00791F90 /* AppDelegate.swift in Sources */ = {isa = PBXBuildFile; fileRef = B4012D231BAED7CA00791F90 /* AppDelegate.swift */; };
		B4012D261BAED7CA00791F90 /* ViewController.swift in Sources */ = {isa = PBXBuildFile; fileRef = B4012D251BAED7CA00791F90 /* ViewController.swift */; };
		B4012D291BAED7CA00791F90 /* Main.storyboard in Resources */ = {isa = PBXBuildFile; fileRef = B4012D271BAED7CA00791F90 /* Main.storyboard */; };
		B4012D2B1BAED7CA00791F90 /* Images.xcassets in Resources */ = {isa = PBXBuildFile; fileRef = B4012D2A1BAED7CA00791F90 /* Images.xcassets */; };
		B4012D2E1BAED7CA00791F90 /* LaunchScreen.xib in Resources */ = {isa = PBXBuildFile; fileRef = B4012D2C1BAED7CA00791F90 /* LaunchScreen.xib */; };
		B4012D3A1BAED7CA00791F90 /* StockFinderTests.swift in Sources */ = {isa = PBXBuildFile; fileRef = B4012D391BAED7CA00791F90 /* StockFinderTests.swift */; };
/* End PBXBuildFile section */

/* Begin PBXContainerItemProxy section */
		B4012D341BAED7CA00791F90 /* PBXContainerItemProxy */ = {
			isa = PBXContainerItemProxy;
			containerPortal = B4012D161BAED7CA00791F90 /* Project object */;
			proxyType = 1;
			remoteGlobalIDString = B4012D1D1BAED7CA00791F90;
			remoteInfo = StockFinder;
		};
/* End PBXContainerItemProxy section */

/* Begin PBXFileReference section */
		B4012D1E1BAED7CA00791F90 /* StockFinder.app */ = {isa = PBXFileReference; explicitFileType = wrapper.application; includeInIndex = 0; path = StockFinder.app; sourceTree = BUILT_PRODUCTS_DIR; };
		B4012D221BAED7CA00791F90 /* Info.plist */ = {isa = PBXFileReference; lastKnownFileType = text.plist.xml; path = Info.plist; sourceTree = "<group>"; };
		B4012D231BAED7CA00791F90 /* AppDelegate.swift */ = {isa = PBXFileReference; lastKnownFileType = sourcecode.swift; path = AppDelegate.swift; sourceTree = "<group>"; };
		B4012D251BAED7CA00791F90 /* ViewController.swift */ = {isa = PBXFileReference; lastKnownFileType = sourcecode.swift; path = ViewController.swift; sourceTree = "<group>"; };
		B4012D281BAED7CA00791F90 /* Base */ = {isa = PBXFileReference; lastKnownFileType = file.storyboard; name = Base; path = Base.lproj/Main.storyboard; sourceTree = "<group>"; };
		B4012D2A1BAED7CA00791F90 /* Images.xcassets */ = {isa = PBXFileReference; lastKnownFileType = folder.assetcatalog; path = Images.xcassets; sourceTree = "<group>"; };
		B4012D2D1BAED7CA00791F90 /* Base */ = {isa = PBXFileReference; lastKnownFileType = file.xib; name = Base; path = Base.lproj/LaunchScreen.xib; sourceTree = "<group>"; };
		B4012D331BAED7CA00791F90 /* StockFinderTests.xctest */ = {isa = PBXFileReference; explicitFileType = wrapper.cfbundle; includeInIndex = 0; path = StockFinderTests.xctest; sourceTree = BUILT_PRODUCTS_DIR; };
		B4012D381BAED7CA00791F90 /* Info.plist */ = {isa = PBXFileReference; lastKnownFileType = text.plist.xml; path = Info.plist; sourceTree = "<group>"; };
		B4012D391BAED7CA00791F90 /* StockFinderTests.swift */ = {isa = PBXFileReference; lastKnownFileType = sourcecode.swift; path = StockFinderTests.swift; sourceTree = "<group>"; };
/* End PBXFileReference section */

/* Begin PBXFrameworksBuildPhase section */
		B4012D1B1BAED7CA00791F90 /* Frameworks */ = {
			isa = PBXFrameworksBuildPhase;
			buildActionMask = 2147483647;
			files = (
			);
			runOnlyForDeploymentPostprocessing = 0;
		};
		B4012D301BAED7CA00791F90 /* Frameworks */ = {
			isa = PBXFrameworksBuildPhase;
			buildActionMask = 2147483647;
			files = (
			);
			runOnlyForDeploymentPostprocessing = 0;
		};
/* End PBXFrameworksBuildPhase section */

/* Begin PBXGroup section */
		B4012D151BAED7CA00791F90 = {
			isa = PBXGroup;
			children = (
				B4012D201BAED7CA00791F90 /* StockFinder */,
				B4012D361BAED7CA00791F90 /* StockFinderTests */,
				B4012D1F1BAED7CA00791F90 /* Products */,
			);
			sourceTree = "<group>";
		};
		B4012D1F1BAED7CA00791F90 /* Products */ = {
			isa = PBXGroup;
			children = (
				B4012D1E1BAED7CA00791F90 /* StockFinder.app */,
				B4012D331BAED7CA00791F90 /* StockFinderTests.xctest */,
			);
			name = Products;
			sourceTree = "<group>";
		};
		B4012D201BAED7CA00791F90 /* StockFinder */ = {
			isa = PBXGroup;
			children = (
				B4012D231BAED7CA00791F90 /* AppDelegate.swift */,
				B4012D251BAED7CA00791F90 /* ViewController.swift */,
				B4012D271BAED7CA00791F90 /* Main.storyboard */,
				B4012D2A1BAED7CA00791F90 /* Images.xcassets */,
				B4012D2C1BAED7CA00791F90 /* LaunchScreen.xib */,
				B4012D211BAED7CA00791F90 /* Supporting Files */,
			);
			path = StockFinder;
			sourceTree = "<group>";
		};
		B4012D211BAED7CA00791F90 /* Supporting Files */ = {
			isa = PBXGroup;
			children = (
				B4012D221BAED7CA00791F90 /* Info.plist */,
			);
			name = "Supporting Files";
			sourceTree = "<group>";
		};
		B4012D361BAED7CA00791F90 /* StockFinderTests */ = {
			isa = PBXGroup;
			children = (
				B4012D391BAED7CA00791F90 /* StockFinderTests.swift */,
				B4012D371BAED7CA00791F90 /* Supporting Files */,
			);
			path = StockFinderTests;
			sourceTree = "<group>";
		};
		B4012D371BAED7CA00791F90 /* Supporting Files */ = {
			isa = PBXGroup;
			children = (
				B4012D381BAED7CA00791F90 /* Info.plist */,
			);
			name = "Supporting Files";
			sourceTree = "<group>";
		};
/* End PBXGroup section */

/* Begin PBXNativeTarget section */
		B4012D1D1BAED7CA00791F90 /* StockFinder */ = {
			isa = PBXNativeTarget;
			buildConfigurationList = B4012D3D1BAED7CA00791F90 /* Build configuration list for PBXNativeTarget "StockFinder" */;
			buildPhases = (
				B4012D1A1BAED7CA00791F90 /* Sources */,
				B4012D1B1BAED7CA00791F90 /* Frameworks */,
				B4012D1C1BAED7CA00791F90 /* Resources */,
			);
			buildRules = (
			);
			dependencies = (
			);
			name = StockFinder;
			productName = StockFinder;
			productReference = B4012D1E1BAED7CA00791F90 /* StockFinder.app */;
			productType = "com.apple.product-type.application";
		};
		B4012D321BAED7CA00791F90 /* StockFinderTests */ = {
			isa = PBXNativeTarget;
			buildConfigurationList = B4012D401BAED7CA00791F90 /* Build configuration list for PBXNativeTarget "StockFinderTests" */;
			buildPhases = (
				B4012D2F1BAED7CA00791F90 /* Sources */,
				B4012D301BAED7CA00791F90 /* Frameworks */,
				B4012D311BAED7CA00791F90 /* Resources */,
			);
			buildRules = (
			);
			dependencies = (
				B4012D351BAED7CA00791F90 /* PBXTargetDependency */,
			);
			name = StockFinderTests;
			productName = StockFinderTests;
			productReference = B4012D331BAED7CA00791F90 /* StockFinderTests.xctest */;
			productType = "com.apple.product-type.bundle.unit-test";
		};
/* End PBXNativeTarget section */

/* Begin PBXProject section */
		B4012D161BAED7CA00791F90 /* Project object */ = {
			isa = PBXProject;
			attributes = {
				LastUpgradeCheck = 0640;
				ORGANIZATIONNAME = "Raj Desikavinayagompillai";
				TargetAttributes = {
					B4012D1D1BAED7CA00791F90 = {
						CreatedOnToolsVersion = 6.4;
					};
					B4012D321BAED7CA00791F90 = {
						CreatedOnToolsVersion = 6.4;
						TestTargetID = B4012D1D1BAED7CA00791F90;
					};
				};
			};
			buildConfigurationList = B4012D191BAED7CA00791F90 /* Build configuration list for PBXProject "StockFinder" */;
			compatibilityVersion = "Xcode 3.2";
			developmentRegion = English;
			hasScannedForEncodings = 0;
			knownRegions = (
				en,
				Base,
			);
			mainGroup = B4012D151BAED7CA00791F90;
			productRefGroup = B4012D1F1BAED7CA00791F90 /* Products */;
			projectDirPath = "";
			projectRoot = "";
			targets = (
				B4012D1D1BAED7CA00791F90 /* StockFinder */,
				B4012D321BAED7CA00791F90 /* StockFinderTests */,
			);
		};
/* End PBXProject section */

/* Begin PBXResourcesBuildPhase section */
		B4012D1C1BAED7CA00791F90 /* Resources */ = {
			isa = PBXResourcesBuildPhase;
			buildActionMask = 2147483647;
			files = (
				B4012D291BAED7CA00791F90 /* Main.storyboard in Resources */,
				B4012D2E1BAED7CA00791F90 /* LaunchScreen.xib in Resources */,
				B4012D2B1BAED7CA00791F90 /* Images.xcassets in Resources */,
			);
			runOnlyForDeploymentPostprocessing = 0;
		};
		B4012D311BAED7CA00791F90 /* Resources */ = {
			isa = PBXResourcesBuildPhase;
			buildActionMask = 2147483647;
			files = (
			);
			runOnlyForDeploymentPostprocessing = 0;
		};
/* End PBXResourcesBuildPhase section */

/* Begin PBXSourcesBuildPhase section */
		B4012D1A1BAED7CA00791F90 /* Sources */ = {
			isa = PBXSourcesBuildPhase;
			buildActionMask = 2147483647;
			files = (
				B4012D261BAED7CA00791F90 /* ViewController.swift in Sources */,
				B4012D241BAED7CA00791F90 /* AppDelegate.swift in Sources */,
			);
			runOnlyForDeploymentPostprocessing = 0;
		};
		B4012D2F1BAED7CA00791F90 /* Sources */ = {
			isa = PBXSourcesBuildPhase;
			buildActionMask = 2147483647;
			files = (
				B4012D3A1BAED7CA00791F90 /* StockFinderTests.swift in Sources */,
			);
			runOnlyForDeploymentPostprocessing = 0;
		};
/* End PBXSourcesBuildPhase section */

/* Begin PBXTargetDependency section */
		B4012D351BAED7CA00791F90 /* PBXTargetDependency */ = {
			isa = PBXTargetDependency;
			target = B4012D1D1BAED7CA00791F90 /* StockFinder */;
			targetProxy = B4012D341BAED7CA00791F90 /* PBXContainerItemProxy */;
		};
/* End PBXTargetDependency section */

/* Begin PBXVariantGroup section */
		B4012D271BAED7CA00791F90 /* Main.storyboard */ = {
			isa = PBXVariantGroup;
			children = (
				B4012D281BAED7CA00791F90 /* Base */,
			);
			name = Main.storyboard;
			sourceTree = "<group>";
		};
		B4012D2C1BAED7CA00791F90 /* LaunchScreen.xib */ = {
			isa = PBXVariantGroup;
			children = (
				B4012D2D1BAED7CA00791F90 /* Base */,
			);
			name = LaunchScreen.xib;
			sourceTree = "<group>";
		};
/* End PBXVariantGroup section */

/* Begin XCBuildConfiguration section */
		B4012D3B1BAED7CA00791F90 /* Debug */ = {
			isa = XCBuildConfiguration;
			buildSettings = {
				ALWAYS_SEARCH_USER_PATHS = NO;
				CLANG_CXX_LANGUAGE_STANDARD = "gnu++0x";
				CLANG_CXX_LIBRARY = "libc++";
				CLANG_ENABLE_MODULES = YES;
				CLANG_ENABLE_OBJC_ARC = YES;
				CLANG_WARN_BOOL_CONVERSION = YES;
				CLANG_WARN_CONSTANT_CONVERSION = YES;
				CLANG_WARN_DIRECT_OBJC_ISA_USAGE = YES_ERROR;
				CLANG_WARN_EMPTY_BODY = YES;
				CLANG_WARN_ENUM_CONVERSION = YES;
				CLANG_WARN_INT_CONVERSION = YES;
				CLANG_WARN_OBJC_ROOT_CLASS = YES_ERROR;
				CLANG_WARN_UNREACHABLE_CODE = YES;
				CLANG_WARN__DUPLICATE_METHOD_MATCH = YES;
				"CODE_SIGN_IDENTITY[sdk=iphoneos*]" = "iPhone Developer";
				COPY_PHASE_STRIP = NO;
				DEBUG_INFORMATION_FORMAT = "dwarf-with-dsym";
				ENABLE_STRICT_OBJC_MSGSEND = YES;
				GCC_C_LANGUAGE_STANDARD = gnu99;
				GCC_DYNAMIC_NO_PIC = NO;
				GCC_NO_COMMON_BLOCKS = YES;
				GCC_OPTIMIZATION_LEVEL = 0;
				GCC_PREPROCESSOR_DEFINITIONS = (
					"DEBUG=1",
					"$(inherited)",
				);
				GCC_SYMBOLS_PRIVATE_EXTERN = NO;
				GCC_WARN_64_TO_32_BIT_CONVERSION = YES;
				GCC_WARN_ABOUT_RETURN_TYPE = YES_ERROR;
				GCC_WARN_UNDECLARED_SELECTOR = YES;
				GCC_WARN_UNINITIALIZED_AUTOS = YES_AGGRESSIVE;
				GCC_WARN_UNUSED_FUNCTION = YES;
				GCC_WARN_UNUSED_VARIABLE = YES;
				IPHONEOS_DEPLOYMENT_TARGET = 8.4;
				MTL_ENABLE_DEBUG_INFO = YES;
				ONLY_ACTIVE_ARCH = YES;
				SDKROOT = iphoneos;
				SWIFT_OPTIMIZATION_LEVEL = "-Onone";
				TARGETED_DEVICE_FAMILY = "1,2";
			};
			name = Debug;
		};
		B4012D3C1BAED7CA00791F90 /* Release */ = {
			isa = XCBuildConfiguration;
			buildSettings = {
				ALWAYS_SEARCH_USER_PATHS = NO;
				CLANG_CXX_LANGUAGE_STANDARD = "gnu++0x";
				CLANG_CXX_LIBRARY = "libc++";
				CLANG_ENABLE_MODULES = YES;
				CLANG_ENABLE_OBJC_ARC = YES;
				CLANG_WARN_BOOL_CONVERSION = YES;
				CLANG_WARN_CONSTANT_CONVERSION = YES;
				CLANG_WARN_DIRECT_OBJC_ISA_USAGE = YES_ERROR;
				CLANG_WARN_EMPTY_BODY = YES;
				CLANG_WARN_ENUM_CONVERSION = YES;
				CLANG_WARN_INT_CONVERSION = YES;
				CLANG_WARN_OBJC_ROOT_CLASS = YES_ERROR;
				CLANG_WARN_UNREACHABLE_CODE = YES;
				CLANG_WARN__DUPLICATE_METHOD_MATCH = YES;
				"CODE_SIGN_IDENTITY[sdk=iphoneos*]" = "iPhone Developer";
				COPY_PHASE_STRIP = NO;
				DEBUG_INFORMATION_FORMAT = "dwarf-with-dsym";
				ENABLE_NS_ASSERTIONS = NO;
				ENABLE_STRICT_OBJC_MSGSEND = YES;
				GCC_C_LANGUAGE_STANDARD = gnu99;
				GCC_NO_COMMON_BLOCKS = YES;
				GCC_WARN_64_TO_32_BIT_CONVERSION = YES;
				GCC_WARN_ABOUT_RETURN_TYPE = YES_ERROR;
				GCC_WARN_UNDECLARED_SELECTOR = YES;
				GCC_WARN_UNINITIALIZED_AUTOS = YES_AGGRESSIVE;
				GCC_WARN_UNUSED_FUNCTION = YES;
				GCC_WARN_UNUSED_VARIABLE = YES;
				IPHONEOS_DEPLOYMENT_TARGET = 8.4;
				MTL_ENABLE_DEBUG_INFO = NO;
				SDKROOT = iphoneos;
				TARGETED_DEVICE_FAMILY = "1,2";
				VALIDATE_PRODUCT = YES;
			};
			name = Release;
		};
		B4012D3E1BAED7CA00791F90 /* Debug */ = {
			isa = XCBuildConfiguration;
			buildSettings = {
				ASSETCATALOG_COMPILER_APPICON_NAME = AppIcon;
				INFOPLIST_FILE = StockFinder/Info.plist;
				LD_RUNPATH_SEARCH_PATHS = "$(inherited) @executable_path/Frameworks";
				PRODUCT_NAME = "$(TARGET_NAME)";
			};
			name = Debug;
		};
		B4012D3F1BAED7CA00791F90 /* Release */ = {
			isa = XCBuildConfiguration;
			buildSettings = {
				ASSETCATALOG_COMPILER_APPICON_NAME = AppIcon;
				INFOPLIST_FILE = StockFinder/Info.plist;
				LD_RUNPATH_SEARCH_PATHS = "$(inherited) @executable_path/Frameworks";
				PRODUCT_NAME = "$(TARGET_NAME)";
			};
			name = Release;
		};
		B4012D411BAED7CA00791F90 /* Debug */ = {
			isa = XCBuildConfiguration;
			buildSettings = {
				BUNDLE_LOADER = "$(TEST_HOST)";
				FRAMEWORK_SEARCH_PATHS = (
					"$(SDKROOT)/Developer/Library/Frameworks",
					"$(inherited)",
				);
				GCC_PREPROCESSOR_DEFINITIONS = (
					"DEBUG=1",
					"$(inherited)",
				);
				INFOPLIST_FILE = StockFinderTests/Info.plist;
				LD_RUNPATH_SEARCH_PATHS = "$(inherited) @executable_path/Frameworks @loader_path/Frameworks";
				PRODUCT_NAME = "$(TARGET_NAME)";
				TEST_HOST = "$(BUILT_PRODUCTS_DIR)/StockFinder.app/StockFinder";
			};
			name = Debug;
		};
		B4012D421BAED7CA00791F90 /* Release */ = {
			isa = XCBuildConfiguration;
			buildSettings = {
				BUNDLE_LOADER = "$(TEST_HOST)";
				FRAMEWORK_SEARCH_PATHS = (
					"$(SDKROOT)/Developer/Library/Frameworks",
					"$(inherited)",
				);
				INFOPLIST_FILE = StockFinderTests/Info.plist;
				LD_RUNPATH_SEARCH_PATHS = "$(inherited) @executable_path/Frameworks @loader_path/Frameworks";
				PRODUCT_NAME = "$(TARGET_NAME)";
				TEST_HOST = "$(BUILT_PRODUCTS_DIR)/StockFinder.app/StockFinder";
			};
			name = Release;
		};
/* End XCBuildConfiguration section */

/* Begin XCConfigurationList section */
		B4012D191BAED7CA00791F90 /* Build configuration list for PBXProject "StockFinder" */ = {
			isa = XCConfigurationList;
			buildConfigurations = (
				B4012D3B1BAED7CA00791F90 /* Debug */,
				B4012D3C1BAED7CA00791F90 /* Release */,
			);
			defaultConfigurationIsVisible = 0;
			defaultConfigurationName = Release;
		};
		B4012D3D1BAED7CA00791F90 /* Build configuration list for PBXNativeTarget "StockFinder" */ = {
			isa = XCConfigurationList;
			buildConfigurations = (
				B4012D3E1BAED7CA00791F90 /* Debug */,
				B4012D3F1BAED7CA00791F90 /* Release */,
			);
			defaultConfigurationIsVisible = 0;
		};
		B4012D401BAED7CA00791F90 /* Build configuration list for PBXNativeTarget "StockFinderTests" */ = {
			isa = XCConfigurationList;
			buildConfigurations = (
				B4012D411BAED7CA00791F90 /* Debug */,
				B4012D421BAED7CA00791F90 /* Release */,
			);
			defaultConfigurationIsVisible = 0;
		};
/* End XCConfigurationList section */
	};
	rootObject = B4012D161BAED7CA00791F90 /* Project object */;
}
